
Microsoft Visual Studio Solution File, Format Version 12.00
# Visual Studio Version 17
VisualStudioVersion = 17.0.32112.339
MinimumVisualStudioVersion = 10.0.40219.1
Project("{FAE04EC0-301F-11D3-BF4B-00C04F79EFBC}") = "FizzBuzz", "FizzBuzz\FizzBuzz.csproj", "{6E079C83-109B-48A8-BC47-A17D835E9DDC}"
EndProject
Global
	GlobalSection(SolutionConfigurationPlatforms) = preSolution
		Debug|Any CPU = Debug|Any CPU
		Release|Any CPU = Release|Any CPU
	EndGlobalSection
	GlobalSection(ProjectConfigurationPlatforms) = postSolution
		{6E079C83-109B-48A8-BC47-A17D835E9DDC}.Debug|Any CPU.ActiveCfg = Debug|Any CPU
		{6E079C83-109B-48A8-BC47-A17D835E9DDC}.Debug|Any CPU.Build.0 = Debug|Any CPU
		{6E079C83-109B-48A8-BC47-A17D835E9DDC}.Release|Any CPU.ActiveCfg = Release|Any CPU
		{6E079C83-109B-48A8-BC47-A17D835E9DDC}.Release|Any CPU.Build.0 = Release|Any CPU
	EndGlobalSection
	GlobalSection(SolutionProperties) = preSolution
		HideSolutionNode = FALSE
	EndGlobalSection
	GlobalSection(ExtensibilityGlobals) = postSolution
		SolutionGuid = {5200C0D6-40C5-49D3-BE0D-AB628E724EA8}
	EndGlobalSection
EndGlobal
